
Microsoft Visual Studio Solution File, Format Version 12.00
# Visual Studio Version 17
VisualStudioVersion = 17.2.32630.192
MinimumVisualStudioVersion = 10.0.40219.1
Project("{FAE04EC0-301F-11D3-BF4B-00C04F79EFBC}") = "HomeLib", "HomeLib\HomeLib.csproj", "{13BE8AA1-8E0A-45DF-97DE-DF3F3FD8FACB}"
EndProject
Global
	GlobalSection(SolutionConfigurationPlatforms) = preSolution
		Debug|Any CPU = Debug|Any CPU
		Release|Any CPU = Release|Any CPU
	EndGlobalSection
	GlobalSection(ProjectConfigurationPlatforms) = postSolution
		{13BE8AA1-8E0A-45DF-97DE-DF3F3FD8FACB}.Debug|Any CPU.ActiveCfg = Debug|Any CPU
		{13BE8AA1-8E0A-45DF-97DE-DF3F3FD8FACB}.Debug|Any CPU.Build.0 = Debug|Any CPU
		{13BE8AA1-8E0A-45DF-97DE-DF3F3FD8FACB}.Release|Any CPU.ActiveCfg = Release|Any CPU
		{13BE8AA1-8E0A-45DF-97DE-DF3F3FD8FACB}.Release|Any CPU.Build.0 = Release|Any CPU
	EndGlobalSection
	GlobalSection(SolutionProperties) = preSolution
		HideSolutionNode = FALSE
	EndGlobalSection
	GlobalSection(ExtensibilityGlobals) = postSolution
		SolutionGuid = {E0E316F4-2D56-4AA6-9E72-B41DEF99BF83}
	EndGlobalSection
EndGlobal
